
Microsoft Visual Studio Solution File, Format Version 12.00
# Visual Studio 15
VisualStudioVersion = 15.0.27703.2018
MinimumVisualStudioVersion = 10.0.40219.1
Project("{888888A0-9F3D-457C-B088-3A5042F75D52}") = "WordCounter", "WordCounter\WordCounter.pyproj", "{68E3E699-9540-44D4-970E-1AD7E43766BC}"
EndProject
Global
	GlobalSection(SolutionConfigurationPlatforms) = preSolution
		Debug|Any CPU = Debug|Any CPU
		Release|Any CPU = Release|Any CPU
	EndGlobalSection
	GlobalSection(ProjectConfigurationPlatforms) = postSolution
		{68E3E699-9540-44D4-970E-1AD7E43766BC}.Debug|Any CPU.ActiveCfg = Debug|Any CPU
		{68E3E699-9540-44D4-970E-1AD7E43766BC}.Release|Any CPU.ActiveCfg = Release|Any CPU
	EndGlobalSection
	GlobalSection(SolutionProperties) = preSolution
		HideSolutionNode = FALSE
	EndGlobalSection
	GlobalSection(ExtensibilityGlobals) = postSolution
		SolutionGuid = {13735C8D-3909-499A-AFF8-C6BE178FBA42}
	EndGlobalSection
EndGlobal
